
Microsoft Visual Studio Solution File, Format Version 12.00
# Visual Studio Version 17
VisualStudioVersion = 17.11.35303.130
MinimumVisualStudioVersion = 10.0.40219.1
Project("{FAE04EC0-301F-11D3-BF4B-00C04F79EFBC}") = "PlanilhaCode", "PlanilhaCode\PlanilhaCode.csproj", "{1750468A-53B8-44A9-A3C6-EF0447DFEBB1}"
EndProject
Global
	GlobalSection(SolutionConfigurationPlatforms) = preSolution
		Debug|Any CPU = Debug|Any CPU
		Release|Any CPU = Release|Any CPU
	EndGlobalSection
	GlobalSection(ProjectConfigurationPlatforms) = postSolution
		{1750468A-53B8-44A9-A3C6-EF0447DFEBB1}.Debug|Any CPU.ActiveCfg = Debug|Any CPU
		{1750468A-53B8-44A9-A3C6-EF0447DFEBB1}.Debug|Any CPU.Build.0 = Debug|Any CPU
		{1750468A-53B8-44A9-A3C6-EF0447DFEBB1}.Release|Any CPU.ActiveCfg = Release|Any CPU
		{1750468A-53B8-44A9-A3C6-EF0447DFEBB1}.Release|Any CPU.Build.0 = Release|Any CPU
	EndGlobalSection
	GlobalSection(SolutionProperties) = preSolution
		HideSolutionNode = FALSE
	EndGlobalSection
	GlobalSection(ExtensibilityGlobals) = postSolution
		SolutionGuid = {395431FD-1C59-4F3A-AA1B-1FABAE230CE4}
	EndGlobalSection
EndGlobal
